<?xml version="1.0" encoding="utf-8"?>
<Project ToolsVersion="4.0" xmlns="http://schemas.microsoft.com/developer/msbuild/2003">
  <ItemGroup>
    <Filter Include="win32">
      <UniqueIdentifier>{037a9a02-b906-4cc5-ad98-304acd4e25ee}</UniqueIdentifier>
    </Filter>
    <Filter Include="resource">
      <UniqueIdentifier>{2d1d0979-58cd-4ab6-b91c-13650158f1fa}</UniqueIdentifier>
    </Filter>
    <Filter Include="classes">
      <UniqueIdentifier>{fc5cb953-2953-4968-83b3-39e3ff951754}</UniqueIdentifier>
    </Filter>
    <Filter Include="classes\lua">
      <UniqueIdentifier>{d16c24a9-30b6-4ad9-af78-a9c4048c88d8}</UniqueIdentifier>
    </Filter>
    <Filter Include="classes\cpp">
      <UniqueIdentifier>{95dfbf31-92a3-4951-9d6f-7d3508395c4a}</UniqueIdentifier>
    </Filter>
    <Filter Include="classes\cpp\data">
      <UniqueIdentifier>{503cfac2-26b2-4d97-b2d6-ff96f0bf9685}</UniqueIdentifier>
    </Filter>
    <Filter Include="classes\cpp\network">
      <UniqueIdentifier>{c09cc08b-2b5c-4f44-beeb-83b735d661dd}</UniqueIdentifier>
    </Filter>
    <Filter Include="classes\cpp\logic">
      <UniqueIdentifier>{b2fc3230-be2d-4b3a-910c-a4e82cdaf222}</UniqueIdentifier>
    </Filter>
    <Filter Include="classes\cpp\view">
      <UniqueIdentifier>{8d72c406-815e-4e09-a429-da89467a0c77}</UniqueIdentifier>
    </Filter>
    <Filter Include="classes\lua\data">
      <UniqueIdentifier>{4b71715d-b38b-46e5-81e0-ff2513ea1aa2}</UniqueIdentifier>
    </Filter>
    <Filter Include="classes\lua\network">
      <UniqueIdentifier>{29a21413-f5d9-4131-a354-1a056948940e}</UniqueIdentifier>
    </Filter>
    <Filter Include="classes\lua\logic">
      <UniqueIdentifier>{fd09e46e-36ee-4877-90ed-ac75229f4b2b}</UniqueIdentifier>
    </Filter>
    <Filter Include="classes\lua\view">
      <UniqueIdentifier>{d8fc8697-5894-4c53-9e07-9107ce8b98c9}</UniqueIdentifier>
    </Filter>
    <Filter Include="classes\cpp\logic\3rd_party">
      <UniqueIdentifier>{0af16750-6076-4dd7-a1ae-45827435170e}</UniqueIdentifier>
    </Filter>
    <Filter Include="classes\cpp\logic\3rd_party\login">
      <UniqueIdentifier>{a3d63f15-51a0-45ba-b8bf-b6603fb381e3}</UniqueIdentifier>
    </Filter>
    <Filter Include="classes\cpp\logic\3rd_party\share">
      <UniqueIdentifier>{4d95b25e-6216-43d7-9cdd-b005e52d26d7}</UniqueIdentifier>
    </Filter>
    <Filter Include="classes\cpp\logic\3rd_party\pay">
      <UniqueIdentifier>{1e00a3a3-0a02-447e-be33-a182b6cd9a34}</UniqueIdentifier>
    </Filter>
    <Filter Include="classes\cpp\logic\constant">
      <UniqueIdentifier>{2368edf9-b284-48fc-8bd1-48d8f526a254}</UniqueIdentifier>
    </Filter>
    <Filter Include="classes\cpp\logic\lua_bind">
      <UniqueIdentifier>{17dd974a-d19b-4acc-abe7-b60c45baaeb9}</UniqueIdentifier>
    </Filter>
    <Filter Include="classes\cpp\logic\lua_include">
      <UniqueIdentifier>{978dc40b-5b0c-480c-8f12-34417f0c7947}</UniqueIdentifier>
    </Filter>
    <Filter Include="classes\cpp\logic\provider">
      <UniqueIdentifier>{19db301e-3dd8-4d20-b977-44d8a7dbf596}</UniqueIdentifier>
    </Filter>
    <Filter Include="classes\cpp\logic\test">
      <UniqueIdentifier>{f9ea92d0-0a00-4375-b4c2-744038b86f74}</UniqueIdentifier>
    </Filter>
    <Filter Include="classes\cpp\logic\tolua_include">
      <UniqueIdentifier>{413b66bb-942a-4aea-8e86-b824c91cc566}</UniqueIdentifier>
    </Filter>
    <Filter Include="classes\cpp\logic\util">
      <UniqueIdentifier>{a1654209-c786-40ce-876d-9e9bd8434c24}</UniqueIdentifier>
    </Filter>
    <Filter Include="classes\lua\view\base">
      <UniqueIdentifier>{153c2ca7-ff72-459a-a560-98287cef9831}</UniqueIdentifier>
    </Filter>
    <Filter Include="classes\lua\view\login">
      <UniqueIdentifier>{52277cb4-fcb3-4b07-9005-faf016b0ab36}</UniqueIdentifier>
    </Filter>
    <Filter Include="classes\lua\logic\manager">
      <UniqueIdentifier>{3af6571c-bd7a-4ca3-ac7a-c8befa500a9a}</UniqueIdentifier>
    </Filter>
    <Filter Include="classes\lua\logic\base">
      <UniqueIdentifier>{4d9f3ecc-abe0-4095-b8ae-56f35bcaff5e}</UniqueIdentifier>
    </Filter>
    <Filter Include="classes\lua\logic\constant">
      <UniqueIdentifier>{e10e6cc7-56be-4b42-ade1-0dcbb152a856}</UniqueIdentifier>
    </Filter>
    <Filter Include="classes\lua\view\constant">
      <UniqueIdentifier>{8a40ec16-8174-41c8-a1b0-bfaeb8966d71}</UniqueIdentifier>
    </Filter>
    <Filter Include="classes\cpp\network\libevent">
      <UniqueIdentifier>{6a68a36b-cbde-48c5-ad85-f8f8417a1539}</UniqueIdentifier>
    </Filter>
    <Filter Include="classes\cpp\network\libevent\compat">
      <UniqueIdentifier>{eee83a76-316b-4619-abb6-eba127a72774}</UniqueIdentifier>
    </Filter>
    <Filter Include="classes\cpp\network\libevent\include">
      <UniqueIdentifier>{cd8cdc45-bb24-47c7-b7fa-3feb6bb58a52}</UniqueIdentifier>
    </Filter>
    <Filter Include="classes\cpp\network\libevent\include\event2">
      <UniqueIdentifier>{c365ecda-6be2-4158-8d0c-e5b36182203a}</UniqueIdentifier>
    </Filter>
    <Filter Include="classes\cpp\network\libevent\win32">
      <UniqueIdentifier>{78964a36-d626-4a2e-938a-a0c749dbfcd1}</UniqueIdentifier>
    </Filter>
    <Filter Include="classes\cpp\network\libevent\include\openssl">
      <UniqueIdentifier>{a8177c4d-c777-41fe-8d1b-3e2360b5e9b8}</UniqueIdentifier>
    </Filter>
    <Filter Include="classes\cpp\logic\base">
      <UniqueIdentifier>{add990c4-56ec-40f4-a55c-086b54c3ea89}</UniqueIdentifier>
    </Filter>
    <Filter Include="classes\cpp\logic\manager">
      <UniqueIdentifier>{b98201f7-6799-433e-9422-347d21624102}</UniqueIdentifier>
    </Filter>
    <Filter Include="classes\cpp\network\protobuf">
      <UniqueIdentifier>{fb7152af-fccc-454a-9b64-6937ffd9ad4d}</UniqueIdentifier>
    </Filter>
    <Filter Include="classes\cpp\network\protobuf\io">
      <UniqueIdentifier>{9549fb0e-f81c-41a0-9c39-0e6749ee10ca}</UniqueIdentifier>
    </Filter>
    <Filter Include="classes\cpp\network\protobuf\stubs">
      <UniqueIdentifier>{9320dab6-8b6e-48fb-b6c5-ed33add26459}</UniqueIdentifier>
    </Filter>
    <Filter Include="classes\cpp\network\msg">
      <UniqueIdentifier>{1028321f-79d8-4851-b909-202641efbf2e}</UniqueIdentifier>
    </Filter>
    <Filter Include="classes\cpp\network\msg\protocol">
      <UniqueIdentifier>{9e843670-0690-45d5-a4a5-408fdd88f4e2}</UniqueIdentifier>
    </Filter>
    <Filter Include="classes\lua\logic\test">
      <UniqueIdentifier>{051c018b-f1c8-4b4d-a97e-1b902f149f68}</UniqueIdentifier>
    </Filter>
    <Filter Include="classes\cpp\logic\lua_bind\auto">
      <UniqueIdentifier>{4f5992fe-4365-488a-9c53-08a42db47045}</UniqueIdentifier>
    </Filter>
    <Filter Include="classes\lua\view\hall">
      <UniqueIdentifier>{089934a4-7b15-4a62-ba32-99646b155677}</UniqueIdentifier>
    </Filter>
    <Filter Include="classes\lua\view\layouts">
      <UniqueIdentifier>{cd5cb23c-0a86-4f85-8c45-328636f80bb5}</UniqueIdentifier>
    </Filter>
    <Filter Include="classes\lua\view\layouts\scene">
      <UniqueIdentifier>{51b4b265-bd66-4489-91c5-7ddefb9ce6e3}</UniqueIdentifier>
    </Filter>
    <Filter Include="classes\lua\view\layouts\scene\hall">
      <UniqueIdentifier>{db2d269e-c004-4811-a8d3-4880fca043d0}</UniqueIdentifier>
    </Filter>
    <Filter Include="classes\lua\view\layouts\scene\login">
      <UniqueIdentifier>{d5a1141a-a302-4c89-a70f-d9941eab5aef}</UniqueIdentifier>
    </Filter>
    <Filter Include="classes\lua\view\layouts\scene\room">
      <UniqueIdentifier>{d14cbbba-705c-48c8-89fc-6b827e92572a}</UniqueIdentifier>
    </Filter>
    <Filter Include="classes\lua\view\layouts\ui">
      <UniqueIdentifier>{98dd128f-5c19-47f4-bcf1-b5c8964ef3c5}</UniqueIdentifier>
    </Filter>
    <Filter Include="classes\lua\view\layouts\ui\login">
      <UniqueIdentifier>{59a5a4d1-891f-467d-afd5-8dbe988f8354}</UniqueIdentifier>
    </Filter>
    <Filter Include="classes\lua\view\layouts\ui\hall">
      <UniqueIdentifier>{8a0eb3d5-34d0-49f5-ab08-c7733a155361}</UniqueIdentifier>
    </Filter>
    <Filter Include="classes\lua\view\layouts\ui\room">
      <UniqueIdentifier>{ed770fbe-5dde-4107-aa71-2fe52aa5461e}</UniqueIdentifier>
    </Filter>
  </ItemGroup>
  <ItemGroup>
    <ClInclude Include="..\Classes\AppDelegate.h">
      <Filter>classes</Filter>
    </ClInclude>
    <ClInclude Include="main.h">
      <Filter>win32</Filter>
    </ClInclude>
    <ClInclude Include="resource.h" />
    <ClInclude Include="SimulatorWin.h" />
    <ClInclude Include="stdafx.h">
      <Filter>win32</Filter>
    </ClInclude>
    <ClInclude Include="targetver.h">
      <Filter>win32</Filter>
    </ClInclude>
    <ClInclude Include="..\..\..\..\customer\src\cpp\logic\3rd_party\login\login_helper.h">
      <Filter>classes\cpp\logic\3rd_party\login</Filter>
    </ClInclude>
    <ClInclude Include="..\..\..\..\customer\src\cpp\logic\constant\event_constants.h">
      <Filter>classes\cpp\logic\constant</Filter>
    </ClInclude>
    <ClInclude Include="..\..\..\..\customer\src\cpp\logic\constant\command_constants.h">
      <Filter>classes\cpp\logic\constant</Filter>
    </ClInclude>
    <ClInclude Include="..\..\..\..\customer\src\cpp\logic\lua_include\lauxlib.h">
      <Filter>classes\cpp\logic\lua_include</Filter>
    </ClInclude>
    <ClInclude Include="..\..\..\..\customer\src\cpp\logic\lua_include\lua.h">
      <Filter>classes\cpp\logic\lua_include</Filter>
    </ClInclude>
    <ClInclude Include="..\..\..\..\customer\src\cpp\logic\lua_include\luaconf.h">
      <Filter>classes\cpp\logic\lua_include</Filter>
    </ClInclude>
    <ClInclude Include="..\..\..\..\customer\src\cpp\logic\lua_include\lualib.h">
      <Filter>classes\cpp\logic\lua_include</Filter>
    </ClInclude>
    <ClInclude Include="..\..\..\..\customer\src\cpp\logic\provider\id_provider.h">
      <Filter>classes\cpp\logic\provider</Filter>
    </ClInclude>
    <ClInclude Include="..\..\..\..\customer\src\cpp\network\network_manager.h">
      <Filter>classes\cpp\network</Filter>
    </ClInclude>
    <ClInclude Include="..\..\..\..\customer\src\cpp\network\libevent\src\compat\sys\queue.h">
      <Filter>classes\cpp\network\libevent\compat</Filter>
    </ClInclude>
    <ClInclude Include="..\..\..\..\customer\src\cpp\network\libevent\src\bufferevent-internal.h">
      <Filter>classes\cpp\network\libevent</Filter>
    </ClInclude>
    <ClInclude Include="..\..\..\..\customer\src\cpp\network\libevent\src\changelist-internal.h">
      <Filter>classes\cpp\network\libevent</Filter>
    </ClInclude>
    <ClInclude Include="..\..\..\..\customer\src\cpp\network\libevent\src\defer-internal.h">
      <Filter>classes\cpp\network\libevent</Filter>
    </ClInclude>
    <ClInclude Include="..\..\..\..\customer\src\cpp\network\libevent\src\epolltable-internal.h">
      <Filter>classes\cpp\network\libevent</Filter>
    </ClInclude>
    <ClInclude Include="..\..\..\..\customer\src\cpp\network\libevent\src\evbuffer-internal.h">
      <Filter>classes\cpp\network\libevent</Filter>
    </ClInclude>
    <ClInclude Include="..\..\..\..\customer\src\cpp\network\libevent\src\evconfig-private.h">
      <Filter>classes\cpp\network\libevent</Filter>
    </ClInclude>
    <ClInclude Include="..\..\..\..\customer\src\cpp\network\libevent\src\event-internal.h">
      <Filter>classes\cpp\network\libevent</Filter>
    </ClInclude>
    <ClInclude Include="..\..\..\..\customer\src\cpp\network\libevent\src\evmap-internal.h">
      <Filter>classes\cpp\network\libevent</Filter>
    </ClInclude>
    <ClInclude Include="..\..\..\..\customer\src\cpp\network\libevent\src\evrpc-internal.h">
      <Filter>classes\cpp\network\libevent</Filter>
    </ClInclude>
    <ClInclude Include="..\..\..\..\customer\src\cpp\network\libevent\src\evsignal-internal.h">
      <Filter>classes\cpp\network\libevent</Filter>
    </ClInclude>
    <ClInclude Include="..\..\..\..\customer\src\cpp\network\libevent\src\evthread-internal.h">
      <Filter>classes\cpp\network\libevent</Filter>
    </ClInclude>
    <ClInclude Include="..\..\..\..\customer\src\cpp\network\libevent\src\ht-internal.h">
      <Filter>classes\cpp\network\libevent</Filter>
    </ClInclude>
    <ClInclude Include="..\..\..\..\customer\src\cpp\network\libevent\src\http-internal.h">
      <Filter>classes\cpp\network\libevent</Filter>
    </ClInclude>
    <ClInclude Include="..\..\..\..\customer\src\cpp\network\libevent\src\iocp-internal.h">
      <Filter>classes\cpp\network\libevent</Filter>
    </ClInclude>
    <ClInclude Include="..\..\..\..\customer\src\cpp\network\libevent\src\ipv6-internal.h">
      <Filter>classes\cpp\network\libevent</Filter>
    </ClInclude>
    <ClInclude Include="..\..\..\..\customer\src\cpp\network\libevent\src\kqueue-internal.h">
      <Filter>classes\cpp\network\libevent</Filter>
    </ClInclude>
    <ClInclude Include="..\..\..\..\customer\src\cpp\network\libevent\src\log-internal.h">
      <Filter>classes\cpp\network\libevent</Filter>
    </ClInclude>
    <ClInclude Include="..\..\..\..\customer\src\cpp\network\libevent\src\minheap-internal.h">
      <Filter>classes\cpp\network\libevent</Filter>
    </ClInclude>
    <ClInclude Include="..\..\..\..\customer\src\cpp\network\libevent\src\mm-internal.h">
      <Filter>classes\cpp\network\libevent</Filter>
    </ClInclude>
    <ClInclude Include="..\..\..\..\customer\src\cpp\network\libevent\src\openssl-compat.h">
      <Filter>classes\cpp\network\libevent</Filter>
    </ClInclude>
    <ClInclude Include="..\..\..\..\customer\src\cpp\network\libevent\src\ratelim-internal.h">
      <Filter>classes\cpp\network\libevent</Filter>
    </ClInclude>
    <ClInclude Include="..\..\..\..\customer\src\cpp\network\libevent\src\strlcpy-internal.h">
      <Filter>classes\cpp\network\libevent</Filter>
    </ClInclude>
    <ClInclude Include="..\..\..\..\customer\src\cpp\network\libevent\src\time-internal.h">
      <Filter>classes\cpp\network\libevent</Filter>
    </ClInclude>
    <ClInclude Include="..\..\..\..\customer\src\cpp\network\libevent\src\util-internal.h">
      <Filter>classes\cpp\network\libevent</Filter>
    </ClInclude>
    <ClInclude Include="..\..\..\..\customer\src\cpp\network\libevent\src\include\evrpc.h">
      <Filter>classes\cpp\network\libevent\include</Filter>
    </ClInclude>
    <ClInclude Include="..\..\..\..\customer\src\cpp\network\libevent\src\include\evutil.h">
      <Filter>classes\cpp\network\libevent\include</Filter>
    </ClInclude>
    <ClInclude Include="..\..\..\..\customer\src\cpp\network\libevent\src\include\evdns.h">
      <Filter>classes\cpp\network\libevent\include</Filter>
    </ClInclude>
    <ClInclude Include="..\..\..\..\customer\src\cpp\network\libevent\src\include\event.h">
      <Filter>classes\cpp\network\libevent\include</Filter>
    </ClInclude>
    <ClInclude Include="..\..\..\..\customer\src\cpp\network\libevent\src\include\evhttp.h">
      <Filter>classes\cpp\network\libevent\include</Filter>
    </ClInclude>
    <ClInclude Include="..\..\..\..\customer\src\cpp\network\libevent\src\include\event2\buffer.h">
      <Filter>classes\cpp\network\libevent\include\event2</Filter>
    </ClInclude>
    <ClInclude Include="..\..\..\..\customer\src\cpp\network\libevent\src\include\event2\bufferevent.h">
      <Filter>classes\cpp\network\libevent\include\event2</Filter>
    </ClInclude>
    <ClInclude Include="..\..\..\..\customer\src\cpp\network\libevent\src\include\event2\bufferevent_compat.h">
      <Filter>classes\cpp\network\libevent\include\event2</Filter>
    </ClInclude>
    <ClInclude Include="..\..\..\..\customer\src\cpp\network\libevent\src\include\event2\bufferevent_ssl.h">
      <Filter>classes\cpp\network\libevent\include\event2</Filter>
    </ClInclude>
    <ClInclude Include="..\..\..\..\customer\src\cpp\network\libevent\src\include\event2\bufferevent_struct.h">
      <Filter>classes\cpp\network\libevent\include\event2</Filter>
    </ClInclude>
    <ClInclude Include="..\..\..\..\customer\src\cpp\network\libevent\src\include\event2\buffer_compat.h">
      <Filter>classes\cpp\network\libevent\include\event2</Filter>
    </ClInclude>
    <ClInclude Include="..\..\..\..\customer\src\cpp\network\libevent\src\include\event2\dns.h">
      <Filter>classes\cpp\network\libevent\include\event2</Filter>
    </ClInclude>
    <ClInclude Include="..\..\..\..\customer\src\cpp\network\libevent\src\include\event2\dns_compat.h">
      <Filter>classes\cpp\network\libevent\include\event2</Filter>
    </ClInclude>
    <ClInclude Include="..\..\..\..\customer\src\cpp\network\libevent\src\include\event2\dns_struct.h">
      <Filter>classes\cpp\network\libevent\include\event2</Filter>
    </ClInclude>
    <ClInclude Include="..\..\..\..\customer\src\cpp\network\libevent\src\include\event2\event.h">
      <Filter>classes\cpp\network\libevent\include\event2</Filter>
    </ClInclude>
    <ClInclude Include="..\..\..\..\customer\src\cpp\network\libevent\src\include\event2\event_compat.h">
      <Filter>classes\cpp\network\libevent\include\event2</Filter>
    </ClInclude>
    <ClInclude Include="..\..\..\..\customer\src\cpp\network\libevent\src\include\event2\event_struct.h">
      <Filter>classes\cpp\network\libevent\include\event2</Filter>
    </ClInclude>
    <ClInclude Include="..\..\..\..\customer\src\cpp\network\libevent\src\include\event2\http.h">
      <Filter>classes\cpp\network\libevent\include\event2</Filter>
    </ClInclude>
    <ClInclude Include="..\..\..\..\customer\src\cpp\network\libevent\src\include\event2\http_compat.h">
      <Filter>classes\cpp\network\libevent\include\event2</Filter>
    </ClInclude>
    <ClInclude Include="..\..\..\..\customer\src\cpp\network\libevent\src\include\event2\http_struct.h">
      <Filter>classes\cpp\network\libevent\include\event2</Filter>
    </ClInclude>
    <ClInclude Include="..\..\..\..\customer\src\cpp\network\libevent\src\include\event2\keyvalq_struct.h">
      <Filter>classes\cpp\network\libevent\include\event2</Filter>
    </ClInclude>
    <ClInclude Include="..\..\..\..\customer\src\cpp\network\libevent\src\include\event2\listener.h">
      <Filter>classes\cpp\network\libevent\include\event2</Filter>
    </ClInclude>
    <ClInclude Include="..\..\..\..\customer\src\cpp\network\libevent\src\include\event2\rpc.h">
      <Filter>classes\cpp\network\libevent\include\event2</Filter>
    </ClInclude>
    <ClInclude Include="..\..\..\..\customer\src\cpp\network\libevent\src\include\event2\rpc_compat.h">
      <Filter>classes\cpp\network\libevent\include\event2</Filter>
    </ClInclude>
    <ClInclude Include="..\..\..\..\customer\src\cpp\network\libevent\src\include\event2\rpc_struct.h">
      <Filter>classes\cpp\network\libevent\include\event2</Filter>
    </ClInclude>
    <ClInclude Include="..\..\..\..\customer\src\cpp\network\libevent\src\include\event2\tag.h">
      <Filter>classes\cpp\network\libevent\include\event2</Filter>
    </ClInclude>
    <ClInclude Include="..\..\..\..\customer\src\cpp\network\libevent\src\include\event2\tag_compat.h">
      <Filter>classes\cpp\network\libevent\include\event2</Filter>
    </ClInclude>
    <ClInclude Include="..\..\..\..\customer\src\cpp\network\libevent\src\include\event2\thread.h">
      <Filter>classes\cpp\network\libevent\include\event2</Filter>
    </ClInclude>
    <ClInclude Include="..\..\..\..\customer\src\cpp\network\libevent\src\include\event2\util.h">
      <Filter>classes\cpp\network\libevent\include\event2</Filter>
    </ClInclude>
    <ClInclude Include="..\..\..\..\customer\src\cpp\network\libevent\src\include\event2\visibility.h">
      <Filter>classes\cpp\network\libevent\include\event2</Filter>
    </ClInclude>
    <ClInclude Include="..\..\..\..\customer\src\cpp\network\libevent\src\WIN32-Code\tree.h">
      <Filter>classes\cpp\network\libevent\win32</Filter>
    </ClInclude>
    <ClInclude Include="..\..\..\..\customer\src\cpp\network\libevent\src\WIN32-Code\nmake\evconfig-private.h">
      <Filter>classes\cpp\network\libevent\win32</Filter>
    </ClInclude>
    <ClInclude Include="..\..\..\..\customer\src\cpp\network\libevent\src\WIN32-Code\nmake\event2\event-config.h">
      <Filter>classes\cpp\network\libevent\win32</Filter>
    </ClInclude>
    <ClInclude Include="..\..\..\..\..\..\..\..\tcp_client\libevent\src\include\openssl\aes.h">
      <Filter>classes\cpp\network\libevent\include\openssl</Filter>
    </ClInclude>
    <ClInclude Include="..\..\..\..\..\..\..\..\tcp_client\libevent\src\include\openssl\asn1.h">
      <Filter>classes\cpp\network\libevent\include\openssl</Filter>
    </ClInclude>
    <ClInclude Include="..\..\..\..\..\..\..\..\tcp_client\libevent\src\include\openssl\asn1t.h">
      <Filter>classes\cpp\network\libevent\include\openssl</Filter>
    </ClInclude>
    <ClInclude Include="..\..\..\..\..\..\..\..\tcp_client\libevent\src\include\openssl\asn1_mac.h">
      <Filter>classes\cpp\network\libevent\include\openssl</Filter>
    </ClInclude>
    <ClInclude Include="..\..\..\..\..\..\..\..\tcp_client\libevent\src\include\openssl\async.h">
      <Filter>classes\cpp\network\libevent\include\openssl</Filter>
    </ClInclude>
    <ClInclude Include="..\..\..\..\..\..\..\..\tcp_client\libevent\src\include\openssl\bio.h">
      <Filter>classes\cpp\network\libevent\include\openssl</Filter>
    </ClInclude>
    <ClInclude Include="..\..\..\..\..\..\..\..\tcp_client\libevent\src\include\openssl\blowfish.h">
      <Filter>classes\cpp\network\libevent\include\openssl</Filter>
    </ClInclude>
    <ClInclude Include="..\..\..\..\..\..\..\..\tcp_client\libevent\src\include\openssl\bn.h">
      <Filter>classes\cpp\network\libevent\include\openssl</Filter>
    </ClInclude>
    <ClInclude Include="..\..\..\..\..\..\..\..\tcp_client\libevent\src\include\openssl\buffer.h">
      <Filter>classes\cpp\network\libevent\include\openssl</Filter>
    </ClInclude>
    <ClInclude Include="..\..\..\..\..\..\..\..\tcp_client\libevent\src\include\openssl\camellia.h">
      <Filter>classes\cpp\network\libevent\include\openssl</Filter>
    </ClInclude>
    <ClInclude Include="..\..\..\..\..\..\..\..\tcp_client\libevent\src\include\openssl\cast.h">
      <Filter>classes\cpp\network\libevent\include\openssl</Filter>
    </ClInclude>
    <ClInclude Include="..\..\..\..\..\..\..\..\tcp_client\libevent\src\include\openssl\cmac.h">
      <Filter>classes\cpp\network\libevent\include\openssl</Filter>
    </ClInclude>
    <ClInclude Include="..\..\..\..\..\..\..\..\tcp_client\libevent\src\include\openssl\cms.h">
      <Filter>classes\cpp\network\libevent\include\openssl</Filter>
    </ClInclude>
    <ClInclude Include="..\..\..\..\..\..\..\..\tcp_client\libevent\src\include\openssl\comp.h">
      <Filter>classes\cpp\network\libevent\include\openssl</Filter>
    </ClInclude>
    <ClInclude Include="..\..\..\..\..\..\..\..\tcp_client\libevent\src\include\openssl\conf.h">
      <Filter>classes\cpp\network\libevent\include\openssl</Filter>
    </ClInclude>
    <ClInclude Include="..\..\..\..\..\..\..\..\tcp_client\libevent\src\include\openssl\conf_api.h">
      <Filter>classes\cpp\network\libevent\include\openssl</Filter>
    </ClInclude>
    <ClInclude Include="..\..\..\..\..\..\..\..\tcp_client\libevent\src\include\openssl\crypto.h">
      <Filter>classes\cpp\network\libevent\include\openssl</Filter>
    </ClInclude>
    <ClInclude Include="..\..\..\..\..\..\..\..\tcp_client\libevent\src\include\openssl\ct.h">
      <Filter>classes\cpp\network\libevent\include\openssl</Filter>
    </ClInclude>
    <ClInclude Include="..\..\..\..\..\..\..\..\tcp_client\libevent\src\include\openssl\des.h">
      <Filter>classes\cpp\network\libevent\include\openssl</Filter>
    </ClInclude>
    <ClInclude Include="..\..\..\..\..\..\..\..\tcp_client\libevent\src\include\openssl\dh.h">
      <Filter>classes\cpp\network\libevent\include\openssl</Filter>
    </ClInclude>
    <ClInclude Include="..\..\..\..\..\..\..\..\tcp_client\libevent\src\include\openssl\dsa.h">
      <Filter>classes\cpp\network\libevent\include\openssl</Filter>
    </ClInclude>
    <ClInclude Include="..\..\..\..\..\..\..\..\tcp_client\libevent\src\include\openssl\dtls1.h">
      <Filter>classes\cpp\network\libevent\include\openssl</Filter>
    </ClInclude>
    <ClInclude Include="..\..\..\..\..\..\..\..\tcp_client\libevent\src\include\openssl\ebcdic.h">
      <Filter>classes\cpp\network\libevent\include\openssl</Filter>
    </ClInclude>
    <ClInclude Include="..\..\..\..\..\..\..\..\tcp_client\libevent\src\include\openssl\ec.h">
      <Filter>classes\cpp\network\libevent\include\openssl</Filter>
    </ClInclude>
    <ClInclude Include="..\..\..\..\..\..\..\..\tcp_client\libevent\src\include\openssl\ecdh.h">
      <Filter>classes\cpp\network\libevent\include\openssl</Filter>
    </ClInclude>
    <ClInclude Include="..\..\..\..\..\..\..\..\tcp_client\libevent\src\include\openssl\ecdsa.h">
      <Filter>classes\cpp\network\libevent\include\openssl</Filter>
    </ClInclude>
    <ClInclude Include="..\..\..\..\..\..\..\..\tcp_client\libevent\src\include\openssl\engine.h">
      <Filter>classes\cpp\network\libevent\include\openssl</Filter>
    </ClInclude>
    <ClInclude Include="..\..\..\..\..\..\..\..\tcp_client\libevent\src\include\openssl\err.h">
      <Filter>classes\cpp\network\libevent\include\openssl</Filter>
    </ClInclude>
    <ClInclude Include="..\..\..\..\..\..\..\..\tcp_client\libevent\src\include\openssl\evp.h">
      <Filter>classes\cpp\network\libevent\include\openssl</Filter>
    </ClInclude>
    <ClInclude Include="..\..\..\..\..\..\..\..\tcp_client\libevent\src\include\openssl\e_os2.h">
      <Filter>classes\cpp\network\libevent\include\openssl</Filter>
    </ClInclude>
    <ClInclude Include="..\..\..\..\..\..\..\..\tcp_client\libevent\src\include\openssl\hmac.h">
      <Filter>classes\cpp\network\libevent\include\openssl</Filter>
    </ClInclude>
    <ClInclude Include="..\..\..\..\..\..\..\..\tcp_client\libevent\src\include\openssl\idea.h">
      <Filter>classes\cpp\network\libevent\include\openssl</Filter>
    </ClInclude>
    <ClInclude Include="..\..\..\..\..\..\..\..\tcp_client\libevent\src\include\openssl\kdf.h">
      <Filter>classes\cpp\network\libevent\include\openssl</Filter>
    </ClInclude>
    <ClInclude Include="..\..\..\..\..\..\..\..\tcp_client\libevent\src\include\openssl\lhash.h">
      <Filter>classes\cpp\network\libevent\include\openssl</Filter>
    </ClInclude>
    <ClInclude Include="..\..\..\..\..\..\..\..\tcp_client\libevent\src\include\openssl\md2.h">
      <Filter>classes\cpp\network\libevent\include\openssl</Filter>
    </ClInclude>
    <ClInclude Include="..\..\..\..\..\..\..\..\tcp_client\libevent\src\include\openssl\md4.h">
      <Filter>classes\cpp\network\libevent\include\openssl</Filter>
    </ClInclude>
    <ClInclude Include="..\..\..\..\..\..\..\..\tcp_client\libevent\src\include\openssl\md5.h">
      <Filter>classes\cpp\network\libevent\include\openssl</Filter>
    </ClInclude>
    <ClInclude Include="..\..\..\..\..\..\..\..\tcp_client\libevent\src\include\openssl\mdc2.h">
      <Filter>classes\cpp\network\libevent\include\openssl</Filter>
    </ClInclude>
    <ClInclude Include="..\..\..\..\..\..\..\..\tcp_client\libevent\src\include\openssl\modes.h">
      <Filter>classes\cpp\network\libevent\include\openssl</Filter>
    </ClInclude>
    <ClInclude Include="..\..\..\..\..\..\..\..\tcp_client\libevent\src\include\openssl\objects.h">
      <Filter>classes\cpp\network\libevent\include\openssl</Filter>
    </ClInclude>
    <ClInclude Include="..\..\..\..\..\..\..\..\tcp_client\libevent\src\include\openssl\obj_mac.h">
      <Filter>classes\cpp\network\libevent\include\openssl</Filter>
    </ClInclude>
    <ClInclude Include="..\..\..\..\..\..\..\..\tcp_client\libevent\src\include\openssl\ocsp.h">
      <Filter>classes\cpp\network\libevent\include\openssl</Filter>
    </ClInclude>
    <ClInclude Include="..\..\..\..\..\..\..\..\tcp_client\libevent\src\include\openssl\opensslconf.h">
      <Filter>classes\cpp\network\libevent\include\openssl</Filter>
    </ClInclude>
    <ClInclude Include="..\..\..\..\..\..\..\..\tcp_client\libevent\src\include\openssl\opensslv.h">
      <Filter>classes\cpp\network\libevent\include\openssl</Filter>
    </ClInclude>
    <ClInclude Include="..\..\..\..\..\..\..\..\tcp_client\libevent\src\include\openssl\ossl_typ.h">
      <Filter>classes\cpp\network\libevent\include\openssl</Filter>
    </ClInclude>
    <ClInclude Include="..\..\..\..\..\..\..\..\tcp_client\libevent\src\include\openssl\pem.h">
      <Filter>classes\cpp\network\libevent\include\openssl</Filter>
    </ClInclude>
    <ClInclude Include="..\..\..\..\..\..\..\..\tcp_client\libevent\src\include\openssl\pem2.h">
      <Filter>classes\cpp\network\libevent\include\openssl</Filter>
    </ClInclude>
    <ClInclude Include="..\..\..\..\..\..\..\..\tcp_client\libevent\src\include\openssl\pkcs12.h">
      <Filter>classes\cpp\network\libevent\include\openssl</Filter>
    </ClInclude>
    <ClInclude Include="..\..\..\..\..\..\..\..\tcp_client\libevent\src\include\openssl\pkcs7.h">
      <Filter>classes\cpp\network\libevent\include\openssl</Filter>
    </ClInclude>
    <ClInclude Include="..\..\..\..\..\..\..\..\tcp_client\libevent\src\include\openssl\rand.h">
      <Filter>classes\cpp\network\libevent\include\openssl</Filter>
    </ClInclude>
    <ClInclude Include="..\..\..\..\..\..\..\..\tcp_client\libevent\src\include\openssl\rc2.h">
      <Filter>classes\cpp\network\libevent\include\openssl</Filter>
    </ClInclude>
    <ClInclude Include="..\..\..\..\..\..\..\..\tcp_client\libevent\src\include\openssl\rc4.h">
      <Filter>classes\cpp\network\libevent\include\openssl</Filter>
    </ClInclude>
    <ClInclude Include="..\..\..\..\..\..\..\..\tcp_client\libevent\src\include\openssl\rc5.h">
      <Filter>classes\cpp\network\libevent\include\openssl</Filter>
    </ClInclude>
    <ClInclude Include="..\..\..\..\..\..\..\..\tcp_client\libevent\src\include\openssl\ripemd.h">
      <Filter>classes\cpp\network\libevent\include\openssl</Filter>
    </ClInclude>
    <ClInclude Include="..\..\..\..\..\..\..\..\tcp_client\libevent\src\include\openssl\rsa.h">
      <Filter>classes\cpp\network\libevent\include\openssl</Filter>
    </ClInclude>
    <ClInclude Include="..\..\..\..\..\..\..\..\tcp_client\libevent\src\include\openssl\safestack.h">
      <Filter>classes\cpp\network\libevent\include\openssl</Filter>
    </ClInclude>
    <ClInclude Include="..\..\..\..\..\..\..\..\tcp_client\libevent\src\include\openssl\seed.h">
      <Filter>classes\cpp\network\libevent\include\openssl</Filter>
    </ClInclude>
    <ClInclude Include="..\..\..\..\..\..\..\..\tcp_client\libevent\src\include\openssl\sha.h">
      <Filter>classes\cpp\network\libevent\include\openssl</Filter>
    </ClInclude>
    <ClInclude Include="..\..\..\..\..\..\..\..\tcp_client\libevent\src\include\openssl\srp.h">
      <Filter>classes\cpp\network\libevent\include\openssl</Filter>
    </ClInclude>
    <ClInclude Include="..\..\..\..\..\..\..\..\tcp_client\libevent\src\include\openssl\srtp.h">
      <Filter>classes\cpp\network\libevent\include\openssl</Filter>
    </ClInclude>
    <ClInclude Include="..\..\..\..\..\..\..\..\tcp_client\libevent\src\include\openssl\ssl.h">
      <Filter>classes\cpp\network\libevent\include\openssl</Filter>
    </ClInclude>
    <ClInclude Include="..\..\..\..\..\..\..\..\tcp_client\libevent\src\include\openssl\ssl2.h">
      <Filter>classes\cpp\network\libevent\include\openssl</Filter>
    </ClInclude>
    <ClInclude Include="..\..\..\..\..\..\..\..\tcp_client\libevent\src\include\openssl\ssl3.h">
      <Filter>classes\cpp\network\libevent\include\openssl</Filter>
    </ClInclude>
    <ClInclude Include="..\..\..\..\..\..\..\..\tcp_client\libevent\src\include\openssl\stack.h">
      <Filter>classes\cpp\network\libevent\include\openssl</Filter>
    </ClInclude>
    <ClInclude Include="..\..\..\..\..\..\..\..\tcp_client\libevent\src\include\openssl\symhacks.h">
      <Filter>classes\cpp\network\libevent\include\openssl</Filter>
    </ClInclude>
    <ClInclude Include="..\..\..\..\..\..\..\..\tcp_client\libevent\src\include\openssl\tls1.h">
      <Filter>classes\cpp\network\libevent\include\openssl</Filter>
    </ClInclude>
    <ClInclude Include="..\..\..\..\..\..\..\..\tcp_client\libevent\src\include\openssl\ts.h">
      <Filter>classes\cpp\network\libevent\include\openssl</Filter>
    </ClInclude>
    <ClInclude Include="..\..\..\..\..\..\..\..\tcp_client\libevent\src\include\openssl\txt_db.h">
      <Filter>classes\cpp\network\libevent\include\openssl</Filter>
    </ClInclude>
    <ClInclude Include="..\..\..\..\..\..\..\..\tcp_client\libevent\src\include\openssl\ui.h">
      <Filter>classes\cpp\network\libevent\include\openssl</Filter>
    </ClInclude>
    <ClInclude Include="..\..\..\..\..\..\..\..\tcp_client\libevent\src\include\openssl\whrlpool.h">
      <Filter>classes\cpp\network\libevent\include\openssl</Filter>
    </ClInclude>
    <ClInclude Include="..\..\..\..\..\..\..\..\tcp_client\libevent\src\include\openssl\x509.h">
      <Filter>classes\cpp\network\libevent\include\openssl</Filter>
    </ClInclude>
    <ClInclude Include="..\..\..\..\..\..\..\..\tcp_client\libevent\src\include\openssl\x509v3.h">
      <Filter>classes\cpp\network\libevent\include\openssl</Filter>
    </ClInclude>
    <ClInclude Include="..\..\..\..\..\..\..\..\tcp_client\libevent\src\include\openssl\x509_vfy.h">
      <Filter>classes\cpp\network\libevent\include\openssl</Filter>
    </ClInclude>
    <ClInclude Include="..\..\..\..\..\..\..\..\tcp_client\libevent\src\include\openssl\__DECC_INCLUDE_EPILOGUE.H">
      <Filter>classes\cpp\network\libevent\include\openssl</Filter>
    </ClInclude>
    <ClInclude Include="..\..\..\..\..\..\..\..\tcp_client\libevent\src\include\openssl\__DECC_INCLUDE_PROLOGUE.H">
      <Filter>classes\cpp\network\libevent\include\openssl</Filter>
    </ClInclude>
    <ClInclude Include="..\..\..\..\customer\src\cpp\logic\base\common.h">
      <Filter>classes\cpp\logic\base</Filter>
    </ClInclude>
    <ClInclude Include="..\..\..\..\customer\src\cpp\logic\base\macros.h">
      <Filter>classes\cpp\logic\base</Filter>
    </ClInclude>
    <ClInclude Include="..\..\..\..\customer\src\cpp\logic\base\command.h">
      <Filter>classes\cpp\logic\base</Filter>
    </ClInclude>
    <ClInclude Include="..\..\..\..\customer\src\cpp\logic\base\myevent.h">
      <Filter>classes\cpp\logic\base</Filter>
    </ClInclude>
    <ClInclude Include="..\..\..\..\customer\src\cpp\logic\base\event_headers.h">
      <Filter>classes\cpp\logic\base</Filter>
    </ClInclude>
    <ClInclude Include="..\..\..\..\customer\src\cpp\logic\base\event_listener.h">
      <Filter>classes\cpp\logic\base</Filter>
    </ClInclude>
    <ClInclude Include="..\..\..\..\customer\src\cpp\logic\base\listener.h">
      <Filter>classes\cpp\logic\base</Filter>
    </ClInclude>
    <ClInclude Include="..\..\..\..\customer\src\cpp\logic\base\command_headers.h">
      <Filter>classes\cpp\logic\base</Filter>
    </ClInclude>
    <ClInclude Include="..\..\..\..\customer\src\cpp\logic\base\command_listener.h">
      <Filter>classes\cpp\logic\base</Filter>
    </ClInclude>
    <ClInclude Include="..\..\..\..\customer\src\cpp\logic\manager\command_manager.h">
      <Filter>classes\cpp\logic\manager</Filter>
    </ClInclude>
    <ClInclude Include="..\..\..\..\customer\src\cpp\logic\manager\event_manager.h">
      <Filter>classes\cpp\logic\manager</Filter>
    </ClInclude>
    <ClInclude Include="..\..\..\..\customer\src\cpp\network\google\protobuf\io\coded_stream.h">
      <Filter>classes\cpp\network\protobuf\io</Filter>
    </ClInclude>
    <ClInclude Include="..\..\..\..\customer\src\cpp\network\google\protobuf\io\coded_stream_inl.h">
      <Filter>classes\cpp\network\protobuf\io</Filter>
    </ClInclude>
    <ClInclude Include="..\..\..\..\customer\src\cpp\network\google\protobuf\io\gzip_stream.h">
      <Filter>classes\cpp\network\protobuf\io</Filter>
    </ClInclude>
    <ClInclude Include="..\..\..\..\customer\src\cpp\network\google\protobuf\io\package_info.h">
      <Filter>classes\cpp\network\protobuf\io</Filter>
    </ClInclude>
    <ClInclude Include="..\..\..\..\customer\src\cpp\network\google\protobuf\io\printer.h">
      <Filter>classes\cpp\network\protobuf\io</Filter>
    </ClInclude>
    <ClInclude Include="..\..\..\..\customer\src\cpp\network\google\protobuf\io\strtod.h">
      <Filter>classes\cpp\network\protobuf\io</Filter>
    </ClInclude>
    <ClInclude Include="..\..\..\..\customer\src\cpp\network\google\protobuf\io\tokenizer.h">
      <Filter>classes\cpp\network\protobuf\io</Filter>
    </ClInclude>
    <ClInclude Include="..\..\..\..\customer\src\cpp\network\google\protobuf\io\zero_copy_stream.h">
      <Filter>classes\cpp\network\protobuf\io</Filter>
    </ClInclude>
    <ClInclude Include="..\..\..\..\customer\src\cpp\network\google\protobuf\io\zero_copy_stream_impl.h">
      <Filter>classes\cpp\network\protobuf\io</Filter>
    </ClInclude>
    <ClInclude Include="..\..\..\..\customer\src\cpp\network\google\protobuf\io\zero_copy_stream_impl_lite.h">
      <Filter>classes\cpp\network\protobuf\io</Filter>
    </ClInclude>
    <ClInclude Include="..\..\..\..\customer\src\cpp\network\google\protobuf\stubs\atomicops.h">
      <Filter>classes\cpp\network\protobuf\stubs</Filter>
    </ClInclude>
    <ClInclude Include="..\..\..\..\customer\src\cpp\network\google\protobuf\stubs\atomicops_internals_arm64_gcc.h">
      <Filter>classes\cpp\network\protobuf\stubs</Filter>
    </ClInclude>
    <ClInclude Include="..\..\..\..\customer\src\cpp\network\google\protobuf\stubs\atomicops_internals_arm_gcc.h">
      <Filter>classes\cpp\network\protobuf\stubs</Filter>
    </ClInclude>
    <ClInclude Include="..\..\..\..\customer\src\cpp\network\google\protobuf\stubs\atomicops_internals_arm_qnx.h">
      <Filter>classes\cpp\network\protobuf\stubs</Filter>
    </ClInclude>
    <ClInclude Include="..\..\..\..\customer\src\cpp\network\google\protobuf\stubs\atomicops_internals_atomicword_compat.h">
      <Filter>classes\cpp\network\protobuf\stubs</Filter>
    </ClInclude>
    <ClInclude Include="..\..\..\..\customer\src\cpp\network\google\protobuf\stubs\atomicops_internals_generic_gcc.h">
      <Filter>classes\cpp\network\protobuf\stubs</Filter>
    </ClInclude>
    <ClInclude Include="..\..\..\..\customer\src\cpp\network\google\protobuf\stubs\atomicops_internals_macosx.h">
      <Filter>classes\cpp\network\protobuf\stubs</Filter>
    </ClInclude>
    <ClInclude Include="..\..\..\..\customer\src\cpp\network\google\protobuf\stubs\atomicops_internals_mips_gcc.h">
      <Filter>classes\cpp\network\protobuf\stubs</Filter>
    </ClInclude>
    <ClInclude Include="..\..\..\..\customer\src\cpp\network\google\protobuf\stubs\atomicops_internals_pnacl.h">
      <Filter>classes\cpp\network\protobuf\stubs</Filter>
    </ClInclude>
    <ClInclude Include="..\..\..\..\customer\src\cpp\network\google\protobuf\stubs\atomicops_internals_solaris.h">
      <Filter>classes\cpp\network\protobuf\stubs</Filter>
    </ClInclude>
    <ClInclude Include="..\..\..\..\customer\src\cpp\network\google\protobuf\stubs\atomicops_internals_tsan.h">
      <Filter>classes\cpp\network\protobuf\stubs</Filter>
    </ClInclude>
    <ClInclude Include="..\..\..\..\customer\src\cpp\network\google\protobuf\stubs\atomicops_internals_x86_gcc.h">
      <Filter>classes\cpp\network\protobuf\stubs</Filter>
    </ClInclude>
    <ClInclude Include="..\..\..\..\customer\src\cpp\network\google\protobuf\stubs\atomicops_internals_x86_msvc.h">
      <Filter>classes\cpp\network\protobuf\stubs</Filter>
    </ClInclude>
    <ClInclude Include="..\..\..\..\customer\src\cpp\network\google\protobuf\stubs\common.h">
      <Filter>classes\cpp\network\protobuf\stubs</Filter>
    </ClInclude>
    <ClInclude Include="..\..\..\..\customer\src\cpp\network\google\protobuf\stubs\hash.h">
      <Filter>classes\cpp\network\protobuf\stubs</Filter>
    </ClInclude>
    <ClInclude Include="..\..\..\..\customer\src\cpp\network\google\protobuf\stubs\map_util.h">
      <Filter>classes\cpp\network\protobuf\stubs</Filter>
    </ClInclude>
    <ClInclude Include="..\..\..\..\customer\src\cpp\network\google\protobuf\stubs\once.h">
      <Filter>classes\cpp\network\protobuf\stubs</Filter>
    </ClInclude>
    <ClInclude Include="..\..\..\..\customer\src\cpp\network\google\protobuf\stubs\platform_macros.h">
      <Filter>classes\cpp\network\protobuf\stubs</Filter>
    </ClInclude>
    <ClInclude Include="..\..\..\..\customer\src\cpp\network\google\protobuf\stubs\shared_ptr.h">
      <Filter>classes\cpp\network\protobuf\stubs</Filter>
    </ClInclude>
    <ClInclude Include="..\..\..\..\customer\src\cpp\network\google\protobuf\stubs\stl_util.h">
      <Filter>classes\cpp\network\protobuf\stubs</Filter>
    </ClInclude>
    <ClInclude Include="..\..\..\..\customer\src\cpp\network\google\protobuf\stubs\stringprintf.h">
      <Filter>classes\cpp\network\protobuf\stubs</Filter>
    </ClInclude>
    <ClInclude Include="..\..\..\..\customer\src\cpp\network\google\protobuf\stubs\strutil.h">
      <Filter>classes\cpp\network\protobuf\stubs</Filter>
    </ClInclude>
    <ClInclude Include="..\..\..\..\customer\src\cpp\network\google\protobuf\stubs\substitute.h">
      <Filter>classes\cpp\network\protobuf\stubs</Filter>
    </ClInclude>
    <ClInclude Include="..\..\..\..\customer\src\cpp\network\google\protobuf\stubs\template_util.h">
      <Filter>classes\cpp\network\protobuf\stubs</Filter>
    </ClInclude>
    <ClInclude Include="..\..\..\..\customer\src\cpp\network\google\protobuf\stubs\type_traits.h">
      <Filter>classes\cpp\network\protobuf\stubs</Filter>
    </ClInclude>
    <ClInclude Include="..\..\..\..\customer\src\cpp\network\google\protobuf\service.h">
      <Filter>classes\cpp\network\protobuf</Filter>
    </ClInclude>
    <ClInclude Include="..\..\..\..\customer\src\cpp\network\google\protobuf\text_format.h">
      <Filter>classes\cpp\network\protobuf</Filter>
    </ClInclude>
    <ClInclude Include="..\..\..\..\customer\src\cpp\network\google\protobuf\unknown_field_set.h">
      <Filter>classes\cpp\network\protobuf</Filter>
    </ClInclude>
    <ClInclude Include="..\..\..\..\customer\src\cpp\network\google\protobuf\wire_format.h">
      <Filter>classes\cpp\network\protobuf</Filter>
    </ClInclude>
    <ClInclude Include="..\..\..\..\customer\src\cpp\network\google\protobuf\wire_format_lite.h">
      <Filter>classes\cpp\network\protobuf</Filter>
    </ClInclude>
    <ClInclude Include="..\..\..\..\customer\src\cpp\network\google\protobuf\wire_format_lite_inl.h">
      <Filter>classes\cpp\network\protobuf</Filter>
    </ClInclude>
    <ClInclude Include="..\..\..\..\customer\src\cpp\network\google\protobuf\config.h">
      <Filter>classes\cpp\network\protobuf</Filter>
    </ClInclude>
    <ClInclude Include="..\..\..\..\customer\src\cpp\network\google\protobuf\descriptor.h">
      <Filter>classes\cpp\network\protobuf</Filter>
    </ClInclude>
    <ClInclude Include="..\..\..\..\customer\src\cpp\network\google\protobuf\descriptor.pb.h">
      <Filter>classes\cpp\network\protobuf</Filter>
    </ClInclude>
    <ClInclude Include="..\..\..\..\customer\src\cpp\network\google\protobuf\descriptor_database.h">
      <Filter>classes\cpp\network\protobuf</Filter>
    </ClInclude>
    <ClInclude Include="..\..\..\..\customer\src\cpp\network\google\protobuf\dynamic_message.h">
      <Filter>classes\cpp\network\protobuf</Filter>
    </ClInclude>
    <ClInclude Include="..\..\..\..\customer\src\cpp\network\google\protobuf\extension_set.h">
      <Filter>classes\cpp\network\protobuf</Filter>
    </ClInclude>
    <ClInclude Include="..\..\..\..\customer\src\cpp\network\google\protobuf\generated_enum_reflection.h">
      <Filter>classes\cpp\network\protobuf</Filter>
    </ClInclude>
    <ClInclude Include="..\..\..\..\customer\src\cpp\network\google\protobuf\generated_message_reflection.h">
      <Filter>classes\cpp\network\protobuf</Filter>
    </ClInclude>
    <ClInclude Include="..\..\..\..\customer\src\cpp\network\google\protobuf\generated_message_util.h">
      <Filter>classes\cpp\network\protobuf</Filter>
    </ClInclude>
    <ClInclude Include="..\..\..\..\customer\src\cpp\network\google\protobuf\message.h">
      <Filter>classes\cpp\network\protobuf</Filter>
    </ClInclude>
    <ClInclude Include="..\..\..\..\customer\src\cpp\network\google\protobuf\message_lite.h">
      <Filter>classes\cpp\network\protobuf</Filter>
    </ClInclude>
    <ClInclude Include="..\..\..\..\customer\src\cpp\network\google\protobuf\package_info.h">
      <Filter>classes\cpp\network\protobuf</Filter>
    </ClInclude>
    <ClInclude Include="..\..\..\..\customer\src\cpp\network\google\protobuf\reflection_ops.h">
      <Filter>classes\cpp\network\protobuf</Filter>
    </ClInclude>
    <ClInclude Include="..\..\..\..\customer\src\cpp\network\google\protobuf\repeated_field.h">
      <Filter>classes\cpp\network\protobuf</Filter>
    </ClInclude>
    <ClInclude Include="..\..\..\..\customer\src\cpp\network\msg\msg_id.h">
      <Filter>classes\cpp\network\msg</Filter>
    </ClInclude>
    <ClInclude Include="..\..\..\..\customer\src\cpp\network\msg\msg_manager.h">
      <Filter>classes\cpp\network\msg</Filter>
    </ClInclude>
    <ClInclude Include="..\..\..\..\customer\src\cpp\network\msg\msg.h">
      <Filter>classes\cpp\network\msg</Filter>
    </ClInclude>
    <ClInclude Include="..\..\..\..\customer\src\cpp\network\msg\msg_type.h">
      <Filter>classes\cpp\network\msg</Filter>
    </ClInclude>
    <ClInclude Include="..\..\..\..\customer\src\cpp\network\msg\protocol\my_login_msg_protocol.pb.h">
      <Filter>classes\cpp\network\msg\protocol</Filter>
    </ClInclude>
    <ClInclude Include="..\..\..\..\customer\src\cpp\logic\lua_bind\lua_bind_register.h">
      <Filter>classes\cpp\logic\lua_bind</Filter>
    </ClInclude>
    <ClInclude Include="..\..\..\..\customer\src\cpp\logic\lua_bind\lua_bind_helper.h">
      <Filter>classes\cpp\logic\lua_bind</Filter>
    </ClInclude>
  </ItemGroup>
  <ItemGroup>
    <ClCompile Include="..\Classes\AppDelegate.cpp">
      <Filter>classes</Filter>
    </ClCompile>
    <ClCompile Include="main.cpp">
      <Filter>win32</Filter>
    </ClCompile>
    <ClCompile Include="SimulatorWin.cpp" />
    <ClCompile Include="stdafx.cpp">
      <Filter>win32</Filter>
    </ClCompile>
    <ClCompile Include="..\..\..\..\customer\src\cpp\logic\3rd_party\login\login_helper.cc">
      <Filter>classes\cpp\logic\3rd_party\login</Filter>
    </ClCompile>
    <ClCompile Include="..\..\..\..\customer\src\cpp\network\network_manager.cc">
      <Filter>classes\cpp\network</Filter>
    </ClCompile>
    <ClCompile Include="..\..\..\..\customer\src\cpp\network\libevent\src\buffer.c">
      <Filter>classes\cpp\network\libevent</Filter>
    </ClCompile>
    <ClCompile Include="..\..\..\..\customer\src\cpp\network\libevent\src\buffer_iocp.c">
      <Filter>classes\cpp\network\libevent</Filter>
    </ClCompile>
    <ClCompile Include="..\..\..\..\customer\src\cpp\network\libevent\src\bufferevent.c">
      <Filter>classes\cpp\network\libevent</Filter>
    </ClCompile>
    <ClCompile Include="..\..\..\..\customer\src\cpp\network\libevent\src\bufferevent_async.c">
      <Filter>classes\cpp\network\libevent</Filter>
    </ClCompile>
    <ClCompile Include="..\..\..\..\customer\src\cpp\network\libevent\src\bufferevent_filter.c">
      <Filter>classes\cpp\network\libevent</Filter>
    </ClCompile>
    <ClCompile Include="..\..\..\..\customer\src\cpp\network\libevent\src\bufferevent_openssl.c">
      <Filter>classes\cpp\network\libevent</Filter>
    </ClCompile>
    <ClCompile Include="..\..\..\..\customer\src\cpp\network\libevent\src\bufferevent_pair.c">
      <Filter>classes\cpp\network\libevent</Filter>
    </ClCompile>
    <ClCompile Include="..\..\..\..\customer\src\cpp\network\libevent\src\bufferevent_ratelim.c">
      <Filter>classes\cpp\network\libevent</Filter>
    </ClCompile>
    <ClCompile Include="..\..\..\..\customer\src\cpp\network\libevent\src\bufferevent_sock.c">
      <Filter>classes\cpp\network\libevent</Filter>
    </ClCompile>
    <ClCompile Include="..\..\..\..\customer\src\cpp\network\libevent\src\devpoll.c">
      <Filter>classes\cpp\network\libevent</Filter>
    </ClCompile>
    <ClCompile Include="..\..\..\..\customer\src\cpp\network\libevent\src\epoll.c">
      <Filter>classes\cpp\network\libevent</Filter>
    </ClCompile>
    <ClCompile Include="..\..\..\..\customer\src\cpp\network\libevent\src\evdns.c">
      <Filter>classes\cpp\network\libevent</Filter>
    </ClCompile>
    <ClCompile Include="..\..\..\..\customer\src\cpp\network\libevent\src\event.c">
      <Filter>classes\cpp\network\libevent</Filter>
    </ClCompile>
    <ClCompile Include="..\..\..\..\customer\src\cpp\network\libevent\src\event_iocp.c">
      <Filter>classes\cpp\network\libevent</Filter>
    </ClCompile>
    <ClCompile Include="..\..\..\..\customer\src\cpp\network\libevent\src\event_tagging.c">
      <Filter>classes\cpp\network\libevent</Filter>
    </ClCompile>
    <ClCompile Include="..\..\..\..\customer\src\cpp\network\libevent\src\evmap.c">
      <Filter>classes\cpp\network\libevent</Filter>
    </ClCompile>
    <ClCompile Include="..\..\..\..\customer\src\cpp\network\libevent\src\evport.c">
      <Filter>classes\cpp\network\libevent</Filter>
    </ClCompile>
    <ClCompile Include="..\..\..\..\customer\src\cpp\network\libevent\src\evrpc.c">
      <Filter>classes\cpp\network\libevent</Filter>
    </ClCompile>
    <ClCompile Include="..\..\..\..\customer\src\cpp\network\libevent\src\evthread.c">
      <Filter>classes\cpp\network\libevent</Filter>
    </ClCompile>
    <ClCompile Include="..\..\..\..\customer\src\cpp\network\libevent\src\evthread_win32.c">
      <Filter>classes\cpp\network\libevent</Filter>
    </ClCompile>
    <ClCompile Include="..\..\..\..\customer\src\cpp\network\libevent\src\evutil.c">
      <Filter>classes\cpp\network\libevent</Filter>
    </ClCompile>
    <ClCompile Include="..\..\..\..\customer\src\cpp\network\libevent\src\evutil_rand.c">
      <Filter>classes\cpp\network\libevent</Filter>
    </ClCompile>
    <ClCompile Include="..\..\..\..\customer\src\cpp\network\libevent\src\evutil_time.c">
      <Filter>classes\cpp\network\libevent</Filter>
    </ClCompile>
    <ClCompile Include="..\..\..\..\customer\src\cpp\network\libevent\src\http.c">
      <Filter>classes\cpp\network\libevent</Filter>
    </ClCompile>
    <ClCompile Include="..\..\..\..\customer\src\cpp\network\libevent\src\kqueue.c">
      <Filter>classes\cpp\network\libevent</Filter>
    </ClCompile>
    <ClCompile Include="..\..\..\..\customer\src\cpp\network\libevent\src\listener.c">
      <Filter>classes\cpp\network\libevent</Filter>
    </ClCompile>
    <ClCompile Include="..\..\..\..\customer\src\cpp\network\libevent\src\log.c">
      <Filter>classes\cpp\network\libevent</Filter>
    </ClCompile>
    <ClCompile Include="..\..\..\..\customer\src\cpp\network\libevent\src\poll.c">
      <Filter>classes\cpp\network\libevent</Filter>
    </ClCompile>
    <ClCompile Include="..\..\..\..\customer\src\cpp\network\libevent\src\select.c">
      <Filter>classes\cpp\network\libevent</Filter>
    </ClCompile>
    <ClCompile Include="..\..\..\..\customer\src\cpp\network\libevent\src\signal.c">
      <Filter>classes\cpp\network\libevent</Filter>
    </ClCompile>
    <ClCompile Include="..\..\..\..\customer\src\cpp\network\libevent\src\strlcpy.c">
      <Filter>classes\cpp\network\libevent</Filter>
    </ClCompile>
    <ClCompile Include="..\..\..\..\customer\src\cpp\network\libevent\src\win32select.c">
      <Filter>classes\cpp\network\libevent</Filter>
    </ClCompile>
    <ClCompile Include="..\..\..\..\customer\src\cpp\logic\base\command.cc">
      <Filter>classes\cpp\logic\base</Filter>
    </ClCompile>
    <ClCompile Include="..\..\..\..\customer\src\cpp\logic\base\myevent.cc">
      <Filter>classes\cpp\logic\base</Filter>
    </ClCompile>
    <ClCompile Include="..\..\..\..\customer\src\cpp\logic\base\event_listener.cc">
      <Filter>classes\cpp\logic\base</Filter>
    </ClCompile>
    <ClCompile Include="..\..\..\..\customer\src\cpp\logic\base\command_listener.cc">
      <Filter>classes\cpp\logic\base</Filter>
    </ClCompile>
    <ClCompile Include="..\..\..\..\customer\src\cpp\logic\manager\command_manager.cc">
      <Filter>classes\cpp\logic\manager</Filter>
    </ClCompile>
    <ClCompile Include="..\..\..\..\customer\src\cpp\logic\manager\event_manager.cc">
      <Filter>classes\cpp\logic\manager</Filter>
    </ClCompile>
    <ClCompile Include="..\..\..\..\customer\src\cpp\network\google\protobuf\io\coded_stream.cc">
      <Filter>classes\cpp\network\protobuf\io</Filter>
    </ClCompile>
    <ClCompile Include="..\..\..\..\customer\src\cpp\network\google\protobuf\io\gzip_stream.cc">
      <Filter>classes\cpp\network\protobuf\io</Filter>
    </ClCompile>
    <ClCompile Include="..\..\..\..\customer\src\cpp\network\google\protobuf\io\printer.cc">
      <Filter>classes\cpp\network\protobuf\io</Filter>
    </ClCompile>
    <ClCompile Include="..\..\..\..\customer\src\cpp\network\google\protobuf\io\strtod.cc">
      <Filter>classes\cpp\network\protobuf\io</Filter>
    </ClCompile>
    <ClCompile Include="..\..\..\..\customer\src\cpp\network\google\protobuf\io\tokenizer.cc">
      <Filter>classes\cpp\network\protobuf\io</Filter>
    </ClCompile>
    <ClCompile Include="..\..\..\..\customer\src\cpp\network\google\protobuf\io\zero_copy_stream.cc">
      <Filter>classes\cpp\network\protobuf\io</Filter>
    </ClCompile>
    <ClCompile Include="..\..\..\..\customer\src\cpp\network\google\protobuf\io\zero_copy_stream_impl.cc">
      <Filter>classes\cpp\network\protobuf\io</Filter>
    </ClCompile>
    <ClCompile Include="..\..\..\..\customer\src\cpp\network\google\protobuf\io\zero_copy_stream_impl_lite.cc">
      <Filter>classes\cpp\network\protobuf\io</Filter>
    </ClCompile>
    <ClCompile Include="..\..\..\..\customer\src\cpp\network\google\protobuf\stubs\atomicops_internals_x86_gcc.cc">
      <Filter>classes\cpp\network\protobuf\stubs</Filter>
    </ClCompile>
    <ClCompile Include="..\..\..\..\customer\src\cpp\network\google\protobuf\stubs\atomicops_internals_x86_msvc.cc">
      <Filter>classes\cpp\network\protobuf\stubs</Filter>
    </ClCompile>
    <ClCompile Include="..\..\..\..\customer\src\cpp\network\google\protobuf\stubs\common.cc">
      <Filter>classes\cpp\network\protobuf\stubs</Filter>
    </ClCompile>
    <ClCompile Include="..\..\..\..\customer\src\cpp\network\google\protobuf\stubs\once.cc">
      <Filter>classes\cpp\network\protobuf\stubs</Filter>
    </ClCompile>
    <ClCompile Include="..\..\..\..\customer\src\cpp\network\google\protobuf\stubs\stringprintf.cc">
      <Filter>classes\cpp\network\protobuf\stubs</Filter>
    </ClCompile>
    <ClCompile Include="..\..\..\..\customer\src\cpp\network\google\protobuf\stubs\structurally_valid.cc">
      <Filter>classes\cpp\network\protobuf\stubs</Filter>
    </ClCompile>
    <ClCompile Include="..\..\..\..\customer\src\cpp\network\google\protobuf\stubs\strutil.cc">
      <Filter>classes\cpp\network\protobuf\stubs</Filter>
    </ClCompile>
    <ClCompile Include="..\..\..\..\customer\src\cpp\network\google\protobuf\stubs\substitute.cc">
      <Filter>classes\cpp\network\protobuf\stubs</Filter>
    </ClCompile>
    <ClCompile Include="..\..\..\..\customer\src\cpp\network\google\protobuf\text_format.cc">
      <Filter>classes\cpp\network\protobuf</Filter>
    </ClCompile>
    <ClCompile Include="..\..\..\..\customer\src\cpp\network\google\protobuf\unknown_field_set.cc">
      <Filter>classes\cpp\network\protobuf</Filter>
    </ClCompile>
    <ClCompile Include="..\..\..\..\customer\src\cpp\network\google\protobuf\wire_format.cc">
      <Filter>classes\cpp\network\protobuf</Filter>
    </ClCompile>
    <ClCompile Include="..\..\..\..\customer\src\cpp\network\google\protobuf\wire_format_lite.cc">
      <Filter>classes\cpp\network\protobuf</Filter>
    </ClCompile>
    <ClCompile Include="..\..\..\..\customer\src\cpp\network\google\protobuf\descriptor.cc">
      <Filter>classes\cpp\network\protobuf</Filter>
    </ClCompile>
    <ClCompile Include="..\..\..\..\customer\src\cpp\network\google\protobuf\descriptor.pb.cc">
      <Filter>classes\cpp\network\protobuf</Filter>
    </ClCompile>
    <ClCompile Include="..\..\..\..\customer\src\cpp\network\google\protobuf\descriptor_database.cc">
      <Filter>classes\cpp\network\protobuf</Filter>
    </ClCompile>
    <ClCompile Include="..\..\..\..\customer\src\cpp\network\google\protobuf\dynamic_message.cc">
      <Filter>classes\cpp\network\protobuf</Filter>
    </ClCompile>
    <ClCompile Include="..\..\..\..\customer\src\cpp\network\google\protobuf\extension_set.cc">
      <Filter>classes\cpp\network\protobuf</Filter>
    </ClCompile>
    <ClCompile Include="..\..\..\..\customer\src\cpp\network\google\protobuf\extension_set_heavy.cc">
      <Filter>classes\cpp\network\protobuf</Filter>
    </ClCompile>
    <ClCompile Include="..\..\..\..\customer\src\cpp\network\google\protobuf\generated_message_reflection.cc">
      <Filter>classes\cpp\network\protobuf</Filter>
    </ClCompile>
    <ClCompile Include="..\..\..\..\customer\src\cpp\network\google\protobuf\generated_message_util.cc">
      <Filter>classes\cpp\network\protobuf</Filter>
    </ClCompile>
    <ClCompile Include="..\..\..\..\customer\src\cpp\network\google\protobuf\message.cc">
      <Filter>classes\cpp\network\protobuf</Filter>
    </ClCompile>
    <ClCompile Include="..\..\..\..\customer\src\cpp\network\google\protobuf\message_lite.cc">
      <Filter>classes\cpp\network\protobuf</Filter>
    </ClCompile>
    <ClCompile Include="..\..\..\..\customer\src\cpp\network\google\protobuf\reflection_ops.cc">
      <Filter>classes\cpp\network\protobuf</Filter>
    </ClCompile>
    <ClCompile Include="..\..\..\..\customer\src\cpp\network\google\protobuf\repeated_field.cc">
      <Filter>classes\cpp\network\protobuf</Filter>
    </ClCompile>
    <ClCompile Include="..\..\..\..\customer\src\cpp\network\google\protobuf\service.cc">
      <Filter>classes\cpp\network\protobuf</Filter>
    </ClCompile>
    <ClCompile Include="..\..\..\..\customer\src\cpp\network\msg\msg_manager.cc">
      <Filter>classes\cpp\network\msg</Filter>
    </ClCompile>
    <ClCompile Include="..\..\..\..\customer\src\cpp\network\msg\protocol\my_login_msg_protocol.pb.cc">
      <Filter>classes\cpp\network\msg\protocol</Filter>
    </ClCompile>
    <ClCompile Include="..\..\..\..\customer\src\cpp\logic\lua_bind\lua_bind_register.cc">
      <Filter>classes\cpp\logic\lua_bind</Filter>
    </ClCompile>
    <ClCompile Include="..\..\..\..\customer\src\cpp\logic\lua_bind\lua_bind_helper.cc">
      <Filter>classes\cpp\logic\lua_bind</Filter>
    </ClCompile>
    <ClCompile Include="..\..\..\..\customer\src\cpp\logic\lua_bind\auto\lua_bind_command_listener.cc">
      <Filter>classes\cpp\logic\lua_bind\auto</Filter>
    </ClCompile>
    <ClCompile Include="..\..\..\..\customer\src\cpp\logic\lua_bind\auto\lua_bind_command_manager.cc">
      <Filter>classes\cpp\logic\lua_bind\auto</Filter>
    </ClCompile>
    <ClCompile Include="..\..\..\..\customer\src\cpp\logic\lua_bind\auto\lua_bind_event_listener.cc">
      <Filter>classes\cpp\logic\lua_bind\auto</Filter>
    </ClCompile>
    <ClCompile Include="..\..\..\..\customer\src\cpp\logic\lua_bind\auto\lua_bind_event_manager.cc">
      <Filter>classes\cpp\logic\lua_bind\auto</Filter>
    </ClCompile>
    <ClCompile Include="..\..\..\..\customer\src\cpp\logic\lua_bind\auto\lua_bind_msg_manager.cc">
      <Filter>classes\cpp\logic\lua_bind\auto</Filter>
    </ClCompile>
    <ClCompile Include="..\..\..\..\customer\src\cpp\logic\lua_bind\auto\lua_bind_network_manager.cc">
      <Filter>classes\cpp\logic\lua_bind\auto</Filter>
    </ClCompile>
    <ClCompile Include="..\..\..\..\customer\src\cpp\logic\lua_bind\auto\lua_bind_my_login_msg_protocol.cc">
      <Filter>classes\cpp\logic\lua_bind\auto</Filter>
    </ClCompile>
  </ItemGroup>
  <ItemGroup>
    <ResourceCompile Include="game.rc">
      <Filter>resource</Filter>
    </ResourceCompile>
  </ItemGroup>
  <ItemGroup>
    <Image Include="res\game.ico" />
  </ItemGroup>
  <ItemGroup>
    <None Include="..\..\..\..\customer\src\lua\view\base\layer_base.lua">
      <Filter>classes\lua\view\base</Filter>
    </None>
    <None Include="..\..\..\..\customer\src\lua\view\base\node_base.lua">
      <Filter>classes\lua\view\base</Filter>
    </None>
    <None Include="..\..\..\..\customer\src\lua\view\constant\layer_constants.lua">
      <Filter>classes\lua\view\constant</Filter>
    </None>
    <None Include="..\..\..\..\customer\src\lua\view\constant\scene_constants.lua">
      <Filter>classes\lua\view\constant</Filter>
    </None>
    <None Include="..\..\..\..\customer\src\lua\view\login\login_scene.lua">
      <Filter>classes\lua\view\login</Filter>
    </None>
    <None Include="..\..\..\..\customer\src\lua\data\init_data.lua">
      <Filter>classes\lua\data</Filter>
    </None>
    <None Include="..\..\..\..\customer\src\lua\logic\init_logic.lua">
      <Filter>classes\lua\logic</Filter>
    </None>
    <None Include="..\..\..\..\customer\src\lua\network\init_network.lua">
      <Filter>classes\lua\network</Filter>
    </None>
    <None Include="..\..\..\..\customer\src\lua\view\init_view.lua">
      <Filter>classes\lua\view</Filter>
    </None>
    <None Include="..\..\..\src\main.lua">
      <Filter>classes\lua\logic</Filter>
    </None>
    <None Include="..\..\..\..\customer\src\lua\logic\init_modules.lua">
      <Filter>classes\lua\logic</Filter>
    </None>
    <None Include="..\..\..\..\customer\src\lua\logic\manager\layer_manager.lua">
      <Filter>classes\lua\logic\manager</Filter>
    </None>
    <None Include="..\..\..\..\customer\src\lua\logic\manager\scene_manager.lua">
      <Filter>classes\lua\logic\manager</Filter>
    </None>
    <None Include="..\..\..\..\customer\src\lua\logic\test\test_lua_bind_event_listener.lua">
      <Filter>classes\lua\logic\test</Filter>
    </None>
    <None Include="..\..\..\..\customer\src\lua\view\hall\hall_scene.lua">
      <Filter>classes\lua\view\hall</Filter>
    </None>
  </ItemGroup>
</Project>